{
  "name": "nokkhum",
  "version": "1.0.0",
  "lockfileVersion": 3,
  "requires": true,
  "packages": {
    "": {
      "name": "nokkhum",
      "version": "1.0.0",
      "license": "ISC",
      "dependencies": {
        "brython": "^3.12.3",
        "fomantic-ui-css": "^2.9.3",
        "jquery": "^3.7.1",
        "leaflet": "^1.9.4"
      }
    },
    "node_modules/brython": {
      "version": "3.12.3",
      "resolved": "https://registry.npmjs.org/brython/-/brython-3.12.3.tgz",
      "integrity": "sha512-RvyyauApu4QrTCsJLal/ZQr6/4PZ6GdgD/OajRRHiUtP8zG6WjQyiG7MX3dYklr4i0lw8eKp4k25XEoobHKh4g=="
    },
    "node_modules/fomantic-ui-css": {
      "version": "2.9.3",
      "resolved": "https://registry.npmjs.org/fomantic-ui-css/-/fomantic-ui-css-2.9.3.tgz",
      "integrity": "sha512-7bM6p3QRpfZFofg7Fd3crzox2E/nBsPyyWDN+N4lnTjNMxgKltSaXJTfhLoK5xBA+wEoNtcmm6w6FQ5Drj+27A==",
      "dependencies": {
        "jquery": "^3.4.0"
      }
    },
    "node_modules/jquery": {
      "version": "3.7.1",
      "resolved": "https://registry.npmjs.org/jquery/-/jquery-3.7.1.tgz",
      "integrity": "sha512-m4avr8yL8kmFN8psrbFFFmB/If14iN5o9nw/NgnnM+kybDJpRsAynV2BsfpTYrTRysYUdADVD7CkUUizgkpLfg=="
    },
    "node_modules/leaflet": {
      "version": "1.9.4",
      "resolved": "https://registry.npmjs.org/leaflet/-/leaflet-1.9.4.tgz",
      "integrity": "sha512-nxS1ynzJOmOlHp+iL3FyWqK89GtNL8U8rvlMOsQdTTssxZwCXh8N2NB3GDQOL+YR3XnWyZAxwQixURb+FA74PA=="
    }
  }
}
